
Microsoft Visual Studio Solution File, Format Version 12.00
# Visual Studio Version 16
VisualStudioVersion = 16.0.31229.75
MinimumVisualStudioVersion = 10.0.40219.1
Project("{FAE04EC0-301F-11D3-BF4B-00C04F79EFBC}") = "MicroservicesAula1", "MicroservicesAula1\MicroservicesAula1.csproj", "{283003C5-785B-434C-B83E-761C12B2B157}"
EndProject
Project("{FAE04EC0-301F-11D3-BF4B-00C04F79EFBC}") = "MicroservicesAula1.Products.Contract", "MicroservicesAula1.Products.Contract\MicroservicesAula1.Products.Contract.csproj", "{7E2AD5EB-F373-464C-87B0-8128C81FC9C9}"
EndProject
Global
	GlobalSection(SolutionConfigurationPlatforms) = preSolution
		Debug|Any CPU = Debug|Any CPU
		Release|Any CPU = Release|Any CPU
	EndGlobalSection
	GlobalSection(ProjectConfigurationPlatforms) = postSolution
		{283003C5-785B-434C-B83E-761C12B2B157}.Debug|Any CPU.ActiveCfg = Debug|Any CPU
		{283003C5-785B-434C-B83E-761C12B2B157}.Debug|Any CPU.Build.0 = Debug|Any CPU
		{283003C5-785B-434C-B83E-761C12B2B157}.Release|Any CPU.ActiveCfg = Release|Any CPU
		{283003C5-785B-434C-B83E-761C12B2B157}.Release|Any CPU.Build.0 = Release|Any CPU
		{7E2AD5EB-F373-464C-87B0-8128C81FC9C9}.Debug|Any CPU.ActiveCfg = Debug|Any CPU
		{7E2AD5EB-F373-464C-87B0-8128C81FC9C9}.Debug|Any CPU.Build.0 = Debug|Any CPU
		{7E2AD5EB-F373-464C-87B0-8128C81FC9C9}.Release|Any CPU.ActiveCfg = Release|Any CPU
		{7E2AD5EB-F373-464C-87B0-8128C81FC9C9}.Release|Any CPU.Build.0 = Release|Any CPU
	EndGlobalSection
	GlobalSection(SolutionProperties) = preSolution
		HideSolutionNode = FALSE
	EndGlobalSection
	GlobalSection(ExtensibilityGlobals) = postSolution
		SolutionGuid = {E51E1F58-B6A1-4616-88D1-A083BBD0FD00}
	EndGlobalSection
EndGlobal
